// !$*UTF8*$!
{
	archiveVersion = 1;
	classes = {
	};
	objectVersion = 77;
	objects = {

/* Begin PBXBuildFile section */
		06979BCF919AFDE607314417 /* OnboardingBackground.swift in Sources */ = {isa = PBXBuildFile; fileRef = 796FC07EF2189114958D269C /* OnboardingBackground.swift */; };
		129CB7750FF7DDC19603C9BB /* GamificationView.swift in Sources */ = {isa = PBXBuildFile; fileRef = F6BB272B0C83C64D516B5F7E /* GamificationView.swift */; };
		12CA831507D3C2E4A13F235D /* ProgressChartsView.swift in Sources */ = {isa = PBXBuildFile; fileRef = 6AF1A2F04B4A8E55CD3F515D /* ProgressChartsView.swift */; };
		1616E9E82FA19B478748F87E /* LoadingPlanView.swift in Sources */ = {isa = PBXBuildFile; fileRef = 51D5A53E6AD1705F84E241E3 /* LoadingPlanView.swift */; };
		18728A61690C41255A589669 /* PaywallView.swift in Sources */ = {isa = PBXBuildFile; fileRef = 399454C6DEA49F2FF667E1D3 /* PaywallView.swift */; };
		1E5A4F66E9C7C870104C09B5 /* SplashView.swift in Sources */ = {isa = PBXBuildFile; fileRef = B4EBCC59545A4328A515F86B /* SplashView.swift */; };
		1EDB565EA3B935C9F268920B /* Date+Extensions.swift in Sources */ = {isa = PBXBuildFile; fileRef = A30F81D0134EEB058E54673B /* Date+Extensions.swift */; };
		2329FA0BA8091B97C055BF1D /* Theme.swift in Sources */ = {isa = PBXBuildFile; fileRef = E6FF4725CD77FDE02ADA24E8 /* Theme.swift */; };
		24FC9334EC17EF9E7F9E46CC /* DashboardView.swift in Sources */ = {isa = PBXBuildFile; fileRef = CC0C6BF0090D773573E1FAA6 /* DashboardView.swift */; };
		2FE39A3DC9432976F248F823 /* LevelProgressView.swift in Sources */ = {isa = PBXBuildFile; fileRef = E070535317649554D15D759D /* LevelProgressView.swift */; };
		30A4436360F3661C2BB1F68C /* OnboardingViewModel.swift in Sources */ = {isa = PBXBuildFile; fileRef = F716230E56920A13C7F34652 /* OnboardingViewModel.swift */; };
		32F577C54860D03DEE651618 /* SettingsView.swift in Sources */ = {isa = PBXBuildFile; fileRef = 5BA8F976A729D6A8190AF3E7 /* SettingsView.swift */; };
		3C11DBF4BDB9E8F3A3880129 /* SubscriptionService.swift in Sources */ = {isa = PBXBuildFile; fileRef = 28340BEAA5E59EF3EE76A9F2 /* SubscriptionService.swift */; };
		465D40A416086343A58F774C /* StreakFlameView.swift in Sources */ = {isa = PBXBuildFile; fileRef = 43D64F78C8318D1EEA383F5E /* StreakFlameView.swift */; };
		5056D1EF4F997EF63B885239 /* DailyLog.swift in Sources */ = {isa = PBXBuildFile; fileRef = 766A5D1011887D616556A8A2 /* DailyLog.swift */; };
		5634655700FD39C7ABB2CF1E /* GamificationEngine.swift in Sources */ = {isa = PBXBuildFile; fileRef = 60FD8C07340DE73277E2F2D2 /* GamificationEngine.swift */; };
		571C3A97429779D3113E53C3 /* Assets.xcassets in Resources */ = {isa = PBXBuildFile; fileRef = 0265B5AA795BABA2208B6FC4 /* Assets.xcassets */; };
		64C7582EEF2FBE32F9485F18 /* PDFExportService.swift in Sources */ = {isa = PBXBuildFile; fileRef = EBE5906DAD546913FA349E5F /* PDFExportService.swift */; };
		64DEBBF94B54152658E127B2 /* FocusPreset.swift in Sources */ = {isa = PBXBuildFile; fileRef = 0ED7D7A0F877038F3E4250B9 /* FocusPreset.swift */; };
		672D4FD17F27E01DC49B83EF /* LighthouseWidgetsExtension.appex in Embed Foundation Extensions */ = {isa = PBXBuildFile; fileRef = 9C1D9562DD244AAC105C08F7 /* LighthouseWidgetsExtension.appex */; settings = {ATTRIBUTES = (RemoveHeadersOnCopy, ); }; };
		688A9906DF33C62AF9530EDA /* StreakCalendarView.swift in Sources */ = {isa = PBXBuildFile; fileRef = A90CCBEB0F66B56472E5C250 /* StreakCalendarView.swift */; };
		68DF33402D4514E5E9A40142 /* QuestCardView.swift in Sources */ = {isa = PBXBuildFile; fileRef = F27261E920BC3C8D49167889 /* QuestCardView.swift */; };
		6A9BB458A132929A6E4E0D1B /* LighthouseWidgetsBundle.swift in Sources */ = {isa = PBXBuildFile; fileRef = 2D1E6732E9BAD40B1846A1F7 /* LighthouseWidgetsBundle.swift */; };
		6C332C398BFE3F7FF6AC8324 /* NameInputView.swift in Sources */ = {isa = PBXBuildFile; fileRef = 5C93A00D724F0580BBE05C91 /* NameInputView.swift */; };
		6C46D139093ACF7C9E8A20D4 /* UserProfile.swift in Sources */ = {isa = PBXBuildFile; fileRef = 55D964037E05A01FBF4235FA /* UserProfile.swift */; };
		6D78850223750D869CC99613 /* CommitmentView.swift in Sources */ = {isa = PBXBuildFile; fileRef = 8358534D1E13157B5A7CBDD4 /* CommitmentView.swift */; };
		7242DE595D2B0A104CA80A2F /* LevelUpOverlay.swift in Sources */ = {isa = PBXBuildFile; fileRef = CA8479702AFBE2F36F79875B /* LevelUpOverlay.swift */; };
		7429F42720E363CC12FEB067 /* ContentView.swift in Sources */ = {isa = PBXBuildFile; fileRef = 2EC5A0045B3735E65022EEC4 /* ContentView.swift */; };
		7780C492C316B955A7E09E9F /* ChallengeEngine.swift in Sources */ = {isa = PBXBuildFile; fileRef = 826E2282D3883C3D63CFAD32 /* ChallengeEngine.swift */; };
		836806D1E9FD5E15A41A4619 /* ScreenTimeLog.swift in Sources */ = {isa = PBXBuildFile; fileRef = 8A621AC7CBF85B961EF4D997 /* ScreenTimeLog.swift */; };
		84D08B6C9682C8AD605E3400 /* LighthouseParticleBackground.swift in Sources */ = {isa = PBXBuildFile; fileRef = F0BF12AEF5A45B862B5562B4 /* LighthouseParticleBackground.swift */; };
		8850D970A007DDFC2A5A7C7B /* GamificationModels.swift in Sources */ = {isa = PBXBuildFile; fileRef = A1A551FFB302427126EDE1C7 /* GamificationModels.swift */; };
		91FC288D6F1ADC47EB824E2C /* DailyLoggerView.swift in Sources */ = {isa = PBXBuildFile; fileRef = D3369203BD1A567B42FD60E5 /* DailyLoggerView.swift */; };
		94D23E08D5A951EB0713BD75 /* OnboardingContainerView.swift in Sources */ = {isa = PBXBuildFile; fileRef = E1D653A90F9733C37615643B /* OnboardingContainerView.swift */; };
		9988C4539A175F863E060193 /* DetoxChallenge.swift in Sources */ = {isa = PBXBuildFile; fileRef = E82C4CE9263B562A8369D41F /* DetoxChallenge.swift */; };
		A236DBA036FC9C7A1EEC5365 /* DashboardViewModel.swift in Sources */ = {isa = PBXBuildFile; fileRef = FC148F65D98AA50033913045 /* DashboardViewModel.swift */; };
		AA3BD07BC9CC94943385CFC0 /* ClearMindShareCard.swift in Sources */ = {isa = PBXBuildFile; fileRef = 7257B6DC5602BBF4C6704E5A /* ClearMindShareCard.swift */; };
		AE14635DEFAAA0E3AC6155EA /* LighthouseApp.swift in Sources */ = {isa = PBXBuildFile; fileRef = 990BA12CB84836CC560B1AF4 /* LighthouseApp.swift */; };
		BE488AAF2B55AFBA5EE53F71 /* HabitsQuizView.swift in Sources */ = {isa = PBXBuildFile; fileRef = 605C2385424C503B62C5AE09 /* HabitsQuizView.swift */; };
		C909EA86FAC1141DABFEBA37 /* BrainResetOverlay.swift in Sources */ = {isa = PBXBuildFile; fileRef = BB0B4EF771B4674C85A6108F /* BrainResetOverlay.swift */; };
		CFF9E1386D628DD1ACFB2890 /* AppSelectionView.swift in Sources */ = {isa = PBXBuildFile; fileRef = E8B54A2562A2E99D23906353 /* AppSelectionView.swift */; };
		D9F3BA61924F266443C93610 /* StatCard.swift in Sources */ = {isa = PBXBuildFile; fileRef = BFA39079782397539B010012 /* StatCard.swift */; };
		DAD5728F26249BDFB88DA807 /* RevenueCat in Frameworks */ = {isa = PBXBuildFile; productRef = FD9E8B1AEFFD6A9D1D30C192 /* RevenueCat */; };
		E150BDD72CB72705B2077CB4 /* TipWidget.swift in Sources */ = {isa = PBXBuildFile; fileRef = 1FCE9370147B71CF28F427E9 /* TipWidget.swift */; };
		E36EE56956FB0D6D97663029 /* GlowButton.swift in Sources */ = {isa = PBXBuildFile; fileRef = 2E61BE60634F7B903BA596AC /* GlowButton.swift */; };
		F01C4764575974249E9D22DC /* FocusCelebrationOverlay.swift in Sources */ = {isa = PBXBuildFile; fileRef = F30AE90FC675DDF9664E1D64 /* FocusCelebrationOverlay.swift */; };
		F04203964B0AC995710BBB6A /* FocusPresetsView.swift in Sources */ = {isa = PBXBuildFile; fileRef = E5E76CA01DC7CDBAF909B6FD /* FocusPresetsView.swift */; };
		F30B4CE9EE16FA0A98B1BB56 /* AnimatedRing.swift in Sources */ = {isa = PBXBuildFile; fileRef = 61ADE668159AE40E2AFFCC41 /* AnimatedRing.swift */; };
		F5CEEC814B1251937130ABB6 /* FocusSession.swift in Sources */ = {isa = PBXBuildFile; fileRef = A84F91AE9EBD0EFFE7855178 /* FocusSession.swift */; };
		F72CDE8EC5E16D3730C8431A /* StreakWidget.swift in Sources */ = {isa = PBXBuildFile; fileRef = D6FCFA7C6EBA43B474B0C2F4 /* StreakWidget.swift */; };
		FED126BE37868557EA217868 /* BadgeGridView.swift in Sources */ = {isa = PBXBuildFile; fileRef = 299D4B05F2779E8B72F0A252 /* BadgeGridView.swift */; };
/* End PBXBuildFile section */

/* Begin PBXContainerItemProxy section */
		347E1F9CD88F1E11C37680D4 /* PBXContainerItemProxy */ = {
			isa = PBXContainerItemProxy;
			containerPortal = 8B5C0E2E0D888E924D23C07B /* Project object */;
			proxyType = 1;
			remoteGlobalIDString = 9826E83BD1F44E41009D3A9A;
			remoteInfo = LighthouseWidgetsExtension;
		};
/* End PBXContainerItemProxy section */

/* Begin PBXCopyFilesBuildPhase section */
		8B15364A4AE4A2E5A2EB2C65 /* Embed Foundation Extensions */ = {
			isa = PBXCopyFilesBuildPhase;
			buildActionMask = 2147483647;
			dstPath = "";
			dstSubfolderSpec = 13;
			files = (
				672D4FD17F27E01DC49B83EF /* LighthouseWidgetsExtension.appex in Embed Foundation Extensions */,
			);
			name = "Embed Foundation Extensions";
			runOnlyForDeploymentPostprocessing = 0;
		};
/* End PBXCopyFilesBuildPhase section */

/* Begin PBXFileReference section */
		0265B5AA795BABA2208B6FC4 /* Assets.xcassets */ = {isa = PBXFileReference; lastKnownFileType = folder.assetcatalog; path = Assets.xcassets; sourceTree = "<group>"; };
		0ED7D7A0F877038F3E4250B9 /* FocusPreset.swift */ = {isa = PBXFileReference; lastKnownFileType = sourcecode.swift; path = FocusPreset.swift; sourceTree = "<group>"; };
		1FCE9370147B71CF28F427E9 /* TipWidget.swift */ = {isa = PBXFileReference; lastKnownFileType = sourcecode.swift; path = TipWidget.swift; sourceTree = "<group>"; };
		28340BEAA5E59EF3EE76A9F2 /* SubscriptionService.swift */ = {isa = PBXFileReference; lastKnownFileType = sourcecode.swift; path = SubscriptionService.swift; sourceTree = "<group>"; };
		299D4B05F2779E8B72F0A252 /* BadgeGridView.swift */ = {isa = PBXFileReference; lastKnownFileType = sourcecode.swift; path = BadgeGridView.swift; sourceTree = "<group>"; };
		2D1E6732E9BAD40B1846A1F7 /* LighthouseWidgetsBundle.swift */ = {isa = PBXFileReference; lastKnownFileType = sourcecode.swift; path = LighthouseWidgetsBundle.swift; sourceTree = "<group>"; };
		2E61BE60634F7B903BA596AC /* GlowButton.swift */ = {isa = PBXFileReference; lastKnownFileType = sourcecode.swift; path = GlowButton.swift; sourceTree = "<group>"; };
		2EC5A0045B3735E65022EEC4 /* ContentView.swift */ = {isa = PBXFileReference; lastKnownFileType = sourcecode.swift; path = ContentView.swift; sourceTree = "<group>"; };
		3134C4618EBAA3C9A2ACBBD5 /* Info.plist */ = {isa = PBXFileReference; lastKnownFileType = text.plist; path = Info.plist; sourceTree = "<group>"; };
		399454C6DEA49F2FF667E1D3 /* PaywallView.swift */ = {isa = PBXFileReference; lastKnownFileType = sourcecode.swift; path = PaywallView.swift; sourceTree = "<group>"; };
		43D64F78C8318D1EEA383F5E /* StreakFlameView.swift */ = {isa = PBXFileReference; lastKnownFileType = sourcecode.swift; path = StreakFlameView.swift; sourceTree = "<group>"; };
		4700FC930212741E667BC5FC /* Lighthouse.app */ = {isa = PBXFileReference; includeInIndex = 0; lastKnownFileType = wrapper.application; path = Lighthouse.app; sourceTree = BUILT_PRODUCTS_DIR; };
		51D5A53E6AD1705F84E241E3 /* LoadingPlanView.swift */ = {isa = PBXFileReference; lastKnownFileType = sourcecode.swift; path = LoadingPlanView.swift; sourceTree = "<group>"; };
		55D964037E05A01FBF4235FA /* UserProfile.swift */ = {isa = PBXFileReference; lastKnownFileType = sourcecode.swift; path = UserProfile.swift; sourceTree = "<group>"; };
		5BA8F976A729D6A8190AF3E7 /* SettingsView.swift */ = {isa = PBXFileReference; lastKnownFileType = sourcecode.swift; path = SettingsView.swift; sourceTree = "<group>"; };
		5C93A00D724F0580BBE05C91 /* NameInputView.swift */ = {isa = PBXFileReference; lastKnownFileType = sourcecode.swift; path = NameInputView.swift; sourceTree = "<group>"; };
		605C2385424C503B62C5AE09 /* HabitsQuizView.swift */ = {isa = PBXFileReference; lastKnownFileType = sourcecode.swift; path = HabitsQuizView.swift; sourceTree = "<group>"; };
		60FD8C07340DE73277E2F2D2 /* GamificationEngine.swift */ = {isa = PBXFileReference; lastKnownFileType = sourcecode.swift; path = GamificationEngine.swift; sourceTree = "<group>"; };
		61ADE668159AE40E2AFFCC41 /* AnimatedRing.swift */ = {isa = PBXFileReference; lastKnownFileType = sourcecode.swift; path = AnimatedRing.swift; sourceTree = "<group>"; };
		6AF1A2F04B4A8E55CD3F515D /* ProgressChartsView.swift */ = {isa = PBXFileReference; lastKnownFileType = sourcecode.swift; path = ProgressChartsView.swift; sourceTree = "<group>"; };
		7257B6DC5602BBF4C6704E5A /* ClearMindShareCard.swift */ = {isa = PBXFileReference; lastKnownFileType = sourcecode.swift; path = ClearMindShareCard.swift; sourceTree = "<group>"; };
		766A5D1011887D616556A8A2 /* DailyLog.swift */ = {isa = PBXFileReference; lastKnownFileType = sourcecode.swift; path = DailyLog.swift; sourceTree = "<group>"; };
		796FC07EF2189114958D269C /* OnboardingBackground.swift */ = {isa = PBXFileReference; lastKnownFileType = sourcecode.swift; path = OnboardingBackground.swift; sourceTree = "<group>"; };
		826E2282D3883C3D63CFAD32 /* ChallengeEngine.swift */ = {isa = PBXFileReference; lastKnownFileType = sourcecode.swift; path = ChallengeEngine.swift; sourceTree = "<group>"; };
		8358534D1E13157B5A7CBDD4 /* CommitmentView.swift */ = {isa = PBXFileReference; lastKnownFileType = sourcecode.swift; path = CommitmentView.swift; sourceTree = "<group>"; };
		8A621AC7CBF85B961EF4D997 /* ScreenTimeLog.swift */ = {isa = PBXFileReference; lastKnownFileType = sourcecode.swift; path = ScreenTimeLog.swift; sourceTree = "<group>"; };
		990BA12CB84836CC560B1AF4 /* LighthouseApp.swift */ = {isa = PBXFileReference; lastKnownFileType = sourcecode.swift; path = LighthouseApp.swift; sourceTree = "<group>"; };
		9C1D9562DD244AAC105C08F7 /* LighthouseWidgetsExtension.appex */ = {isa = PBXFileReference; includeInIndex = 0; lastKnownFileType = "wrapper.app-extension"; path = LighthouseWidgetsExtension.appex; sourceTree = BUILT_PRODUCTS_DIR; };
		A1A551FFB302427126EDE1C7 /* GamificationModels.swift */ = {isa = PBXFileReference; lastKnownFileType = sourcecode.swift; path = GamificationModels.swift; sourceTree = "<group>"; };
		A30F81D0134EEB058E54673B /* Date+Extensions.swift */ = {isa = PBXFileReference; lastKnownFileType = sourcecode.swift; path = "Date+Extensions.swift"; sourceTree = "<group>"; };
		A84F91AE9EBD0EFFE7855178 /* FocusSession.swift */ = {isa = PBXFileReference; lastKnownFileType = sourcecode.swift; path = FocusSession.swift; sourceTree = "<group>"; };
		A90CCBEB0F66B56472E5C250 /* StreakCalendarView.swift */ = {isa = PBXFileReference; lastKnownFileType = sourcecode.swift; path = StreakCalendarView.swift; sourceTree = "<group>"; };
		B33DAB2C3F23B80D553271B6 /* Info.plist */ = {isa = PBXFileReference; lastKnownFileType = text.plist; path = Info.plist; sourceTree = "<group>"; };
		B4EBCC59545A4328A515F86B /* SplashView.swift */ = {isa = PBXFileReference; lastKnownFileType = sourcecode.swift; path = SplashView.swift; sourceTree = "<group>"; };
		BB0B4EF771B4674C85A6108F /* BrainResetOverlay.swift */ = {isa = PBXFileReference; lastKnownFileType = sourcecode.swift; path = BrainResetOverlay.swift; sourceTree = "<group>"; };
		BFA39079782397539B010012 /* StatCard.swift */ = {isa = PBXFileReference; lastKnownFileType = sourcecode.swift; path = StatCard.swift; sourceTree = "<group>"; };
		CA8479702AFBE2F36F79875B /* LevelUpOverlay.swift */ = {isa = PBXFileReference; lastKnownFileType = sourcecode.swift; path = LevelUpOverlay.swift; sourceTree = "<group>"; };
		CC0C6BF0090D773573E1FAA6 /* DashboardView.swift */ = {isa = PBXFileReference; lastKnownFileType = sourcecode.swift; path = DashboardView.swift; sourceTree = "<group>"; };
		D3369203BD1A567B42FD60E5 /* DailyLoggerView.swift */ = {isa = PBXFileReference; lastKnownFileType = sourcecode.swift; path = DailyLoggerView.swift; sourceTree = "<group>"; };
		D6FCFA7C6EBA43B474B0C2F4 /* StreakWidget.swift */ = {isa = PBXFileReference; lastKnownFileType = sourcecode.swift; path = StreakWidget.swift; sourceTree = "<group>"; };
		E070535317649554D15D759D /* LevelProgressView.swift */ = {isa = PBXFileReference; lastKnownFileType = sourcecode.swift; path = LevelProgressView.swift; sourceTree = "<group>"; };
		E1D653A90F9733C37615643B /* OnboardingContainerView.swift */ = {isa = PBXFileReference; lastKnownFileType = sourcecode.swift; path = OnboardingContainerView.swift; sourceTree = "<group>"; };
		E5E76CA01DC7CDBAF909B6FD /* FocusPresetsView.swift */ = {isa = PBXFileReference; lastKnownFileType = sourcecode.swift; path = FocusPresetsView.swift; sourceTree = "<group>"; };
		E6FF4725CD77FDE02ADA24E8 /* Theme.swift */ = {isa = PBXFileReference; lastKnownFileType = sourcecode.swift; path = Theme.swift; sourceTree = "<group>"; };
		E82C4CE9263B562A8369D41F /* DetoxChallenge.swift */ = {isa = PBXFileReference; lastKnownFileType = sourcecode.swift; path = DetoxChallenge.swift; sourceTree = "<group>"; };
		E8B54A2562A2E99D23906353 /* AppSelectionView.swift */ = {isa = PBXFileReference; lastKnownFileType = sourcecode.swift; path = AppSelectionView.swift; sourceTree = "<group>"; };
		EBE5906DAD546913FA349E5F /* PDFExportService.swift */ = {isa = PBXFileReference; lastKnownFileType = sourcecode.swift; path = PDFExportService.swift; sourceTree = "<group>"; };
		F0BF12AEF5A45B862B5562B4 /* LighthouseParticleBackground.swift */ = {isa = PBXFileReference; lastKnownFileType = sourcecode.swift; path = LighthouseParticleBackground.swift; sourceTree = "<group>"; };
		F229B76D47EA5F1B1C05E59C /* Lighthouse.entitlements */ = {isa = PBXFileReference; lastKnownFileType = text.plist.entitlements; path = Lighthouse.entitlements; sourceTree = "<group>"; };
		F27261E920BC3C8D49167889 /* QuestCardView.swift */ = {isa = PBXFileReference; lastKnownFileType = sourcecode.swift; path = QuestCardView.swift; sourceTree = "<group>"; };
		F30AE90FC675DDF9664E1D64 /* FocusCelebrationOverlay.swift */ = {isa = PBXFileReference; lastKnownFileType = sourcecode.swift; path = FocusCelebrationOverlay.swift; sourceTree = "<group>"; };
		F6BB272B0C83C64D516B5F7E /* GamificationView.swift */ = {isa = PBXFileReference; lastKnownFileType = sourcecode.swift; path = GamificationView.swift; sourceTree = "<group>"; };
		F716230E56920A13C7F34652 /* OnboardingViewModel.swift */ = {isa = PBXFileReference; lastKnownFileType = sourcecode.swift; path = OnboardingViewModel.swift; sourceTree = "<group>"; };
		FC148F65D98AA50033913045 /* DashboardViewModel.swift */ = {isa = PBXFileReference; lastKnownFileType = sourcecode.swift; path = DashboardViewModel.swift; sourceTree = "<group>"; };
/* End PBXFileReference section */

/* Begin PBXFrameworksBuildPhase section */
		01DE0DC2D5D2980734C7E885 /* Frameworks */ = {
			isa = PBXFrameworksBuildPhase;
			buildActionMask = 2147483647;
			files = (
				DAD5728F26249BDFB88DA807 /* RevenueCat in Frameworks */,
			);
			runOnlyForDeploymentPostprocessing = 0;
		};
/* End PBXFrameworksBuildPhase section */

/* Begin PBXGroup section */
		03615AD537D634D149BB1A42 = {
			isa = PBXGroup;
			children = (
				5FF56E38C5138F75149EE202 /* Lighthouse */,
				368E3FE0F2591A374905DE99 /* LighthouseWidgets */,
				A2E6DFCA6CDD21559F92CA36 /* Products */,
			);
			sourceTree = "<group>";
		};
		1839CF27AF5153DCE1FB4847 /* Dashboard */ = {
			isa = PBXGroup;
			children = (
				CC0C6BF0090D773573E1FAA6 /* DashboardView.swift */,
			);
			path = Dashboard;
			sourceTree = "<group>";
		};
		18AACB3E3CD81C88CA0CC2A2 /* Logger */ = {
			isa = PBXGroup;
			children = (
				D3369203BD1A567B42FD60E5 /* DailyLoggerView.swift */,
			);
			path = Logger;
			sourceTree = "<group>";
		};
		240FDC8AB7C3F8C91989CC99 /* App */ = {
			isa = PBXGroup;
			children = (
				2EC5A0045B3735E65022EEC4 /* ContentView.swift */,
				990BA12CB84836CC560B1AF4 /* LighthouseApp.swift */,
			);
			path = App;
			sourceTree = "<group>";
		};
		31CA4B33BA17E63F9A6BBFA2 /* Components */ = {
			isa = PBXGroup;
			children = (
				61ADE668159AE40E2AFFCC41 /* AnimatedRing.swift */,
				BB0B4EF771B4674C85A6108F /* BrainResetOverlay.swift */,
				7257B6DC5602BBF4C6704E5A /* ClearMindShareCard.swift */,
				F30AE90FC675DDF9664E1D64 /* FocusCelebrationOverlay.swift */,
				2E61BE60634F7B903BA596AC /* GlowButton.swift */,
				F0BF12AEF5A45B862B5562B4 /* LighthouseParticleBackground.swift */,
				BFA39079782397539B010012 /* StatCard.swift */,
			);
			path = Components;
			sourceTree = "<group>";
		};
		368E3FE0F2591A374905DE99 /* LighthouseWidgets */ = {
			isa = PBXGroup;
			children = (
				3134C4618EBAA3C9A2ACBBD5 /* Info.plist */,
				2D1E6732E9BAD40B1846A1F7 /* LighthouseWidgetsBundle.swift */,
				D6FCFA7C6EBA43B474B0C2F4 /* StreakWidget.swift */,
				1FCE9370147B71CF28F427E9 /* TipWidget.swift */,
			);
			path = LighthouseWidgets;
			sourceTree = "<group>";
		};
		4C6BE7210F196429F03D6779 /* Focus */ = {
			isa = PBXGroup;
			children = (
				E5E76CA01DC7CDBAF909B6FD /* FocusPresetsView.swift */,
			);
			path = Focus;
			sourceTree = "<group>";
		};
		4DEF8AA7CCDAA0C626B18C69 /* ViewModels */ = {
			isa = PBXGroup;
			children = (
				FC148F65D98AA50033913045 /* DashboardViewModel.swift */,
				F716230E56920A13C7F34652 /* OnboardingViewModel.swift */,
			);
			path = ViewModels;
			sourceTree = "<group>";
		};
		506C3BA1C6C1F702C0505470 /* Streak */ = {
			isa = PBXGroup;
			children = (
				A90CCBEB0F66B56472E5C250 /* StreakCalendarView.swift */,
			);
			path = Streak;
			sourceTree = "<group>";
		};
		5FF56E38C5138F75149EE202 /* Lighthouse */ = {
			isa = PBXGroup;
			children = (
				0265B5AA795BABA2208B6FC4 /* Assets.xcassets */,
				B33DAB2C3F23B80D553271B6 /* Info.plist */,
				F229B76D47EA5F1B1C05E59C /* Lighthouse.entitlements */,
				240FDC8AB7C3F8C91989CC99 /* App */,
				C3028592F45FCE65F16EF2EC /* Extensions */,
				B8E3220F135F8BC3BF564606 /* Models */,
				74AD221C5FE7F71FC5A0F548 /* Services */,
				EF2783D7B3FA749A86F0ABCF /* Theme */,
				4DEF8AA7CCDAA0C626B18C69 /* ViewModels */,
				D4B5F3645E2EE1B8EB904A6A /* Views */,
			);
			path = Lighthouse;
			sourceTree = "<group>";
		};
		60FD09F3AACEFC126C5D4C47 /* Gamification */ = {
			isa = PBXGroup;
			children = (
				299D4B05F2779E8B72F0A252 /* BadgeGridView.swift */,
				F6BB272B0C83C64D516B5F7E /* GamificationView.swift */,
				E070535317649554D15D759D /* LevelProgressView.swift */,
				CA8479702AFBE2F36F79875B /* LevelUpOverlay.swift */,
				F27261E920BC3C8D49167889 /* QuestCardView.swift */,
				43D64F78C8318D1EEA383F5E /* StreakFlameView.swift */,
			);
			path = Gamification;
			sourceTree = "<group>";
		};
		74AD221C5FE7F71FC5A0F548 /* Services */ = {
			isa = PBXGroup;
			children = (
				826E2282D3883C3D63CFAD32 /* ChallengeEngine.swift */,
				60FD8C07340DE73277E2F2D2 /* GamificationEngine.swift */,
				EBE5906DAD546913FA349E5F /* PDFExportService.swift */,
				28340BEAA5E59EF3EE76A9F2 /* SubscriptionService.swift */,
			);
			path = Services;
			sourceTree = "<group>";
		};
		9C991AC25D047D77888EC15F /* Progress */ = {
			isa = PBXGroup;
			children = (
				6AF1A2F04B4A8E55CD3F515D /* ProgressChartsView.swift */,
			);
			path = Progress;
			sourceTree = "<group>";
		};
		A2E6DFCA6CDD21559F92CA36 /* Products */ = {
			isa = PBXGroup;
			children = (
				4700FC930212741E667BC5FC /* Lighthouse.app */,
				9C1D9562DD244AAC105C08F7 /* LighthouseWidgetsExtension.appex */,
			);
			name = Products;
			sourceTree = "<group>";
		};
		A5F249FB1EF1A3F132B801E9 /* Onboarding */ = {
			isa = PBXGroup;
			children = (
				E8B54A2562A2E99D23906353 /* AppSelectionView.swift */,
				8358534D1E13157B5A7CBDD4 /* CommitmentView.swift */,
				605C2385424C503B62C5AE09 /* HabitsQuizView.swift */,
				51D5A53E6AD1705F84E241E3 /* LoadingPlanView.swift */,
				5C93A00D724F0580BBE05C91 /* NameInputView.swift */,
				796FC07EF2189114958D269C /* OnboardingBackground.swift */,
				E1D653A90F9733C37615643B /* OnboardingContainerView.swift */,
				399454C6DEA49F2FF667E1D3 /* PaywallView.swift */,
				B4EBCC59545A4328A515F86B /* SplashView.swift */,
			);
			path = Onboarding;
			sourceTree = "<group>";
		};
		B8E3220F135F8BC3BF564606 /* Models */ = {
			isa = PBXGroup;
			children = (
				766A5D1011887D616556A8A2 /* DailyLog.swift */,
				E82C4CE9263B562A8369D41F /* DetoxChallenge.swift */,
				0ED7D7A0F877038F3E4250B9 /* FocusPreset.swift */,
				A84F91AE9EBD0EFFE7855178 /* FocusSession.swift */,
				A1A551FFB302427126EDE1C7 /* GamificationModels.swift */,
				8A621AC7CBF85B961EF4D997 /* ScreenTimeLog.swift */,
				55D964037E05A01FBF4235FA /* UserProfile.swift */,
			);
			path = Models;
			sourceTree = "<group>";
		};
		C3028592F45FCE65F16EF2EC /* Extensions */ = {
			isa = PBXGroup;
			children = (
				A30F81D0134EEB058E54673B /* Date+Extensions.swift */,
			);
			path = Extensions;
			sourceTree = "<group>";
		};
		D4B5F3645E2EE1B8EB904A6A /* Views */ = {
			isa = PBXGroup;
			children = (
				31CA4B33BA17E63F9A6BBFA2 /* Components */,
				1839CF27AF5153DCE1FB4847 /* Dashboard */,
				4C6BE7210F196429F03D6779 /* Focus */,
				60FD09F3AACEFC126C5D4C47 /* Gamification */,
				18AACB3E3CD81C88CA0CC2A2 /* Logger */,
				A5F249FB1EF1A3F132B801E9 /* Onboarding */,
				9C991AC25D047D77888EC15F /* Progress */,
				DF765E34DADF1BA63013AA10 /* Settings */,
				506C3BA1C6C1F702C0505470 /* Streak */,
			);
			path = Views;
			sourceTree = "<group>";
		};
		DF765E34DADF1BA63013AA10 /* Settings */ = {
			isa = PBXGroup;
			children = (
				5BA8F976A729D6A8190AF3E7 /* SettingsView.swift */,
			);
			path = Settings;
			sourceTree = "<group>";
		};
		EF2783D7B3FA749A86F0ABCF /* Theme */ = {
			isa = PBXGroup;
			children = (
				E6FF4725CD77FDE02ADA24E8 /* Theme.swift */,
			);
			path = Theme;
			sourceTree = "<group>";
		};
/* End PBXGroup section */

/* Begin PBXNativeTarget section */
		76D82746EAC9DAE922BBDE76 /* Lighthouse */ = {
			isa = PBXNativeTarget;
			buildConfigurationList = 6B6FA42B57C12E8157B916AA /* Build configuration list for PBXNativeTarget "Lighthouse" */;
			buildPhases = (
				1D61E7402213B65469A1A6D7 /* Sources */,
				E33D7BD44E8C42502CF6813F /* Resources */,
				01DE0DC2D5D2980734C7E885 /* Frameworks */,
				8B15364A4AE4A2E5A2EB2C65 /* Embed Foundation Extensions */,
			);
			buildRules = (
			);
			dependencies = (
				BEF2C814E371E14A26D9F4DD /* PBXTargetDependency */,
			);
			name = Lighthouse;
			packageProductDependencies = (
				FD9E8B1AEFFD6A9D1D30C192 /* RevenueCat */,
			);
			productName = Lighthouse;
			productReference = 4700FC930212741E667BC5FC /* Lighthouse.app */;
			productType = "com.apple.product-type.application";
		};
		9826E83BD1F44E41009D3A9A /* LighthouseWidgetsExtension */ = {
			isa = PBXNativeTarget;
			buildConfigurationList = 303A39487983FCF2BDD38FAA /* Build configuration list for PBXNativeTarget "LighthouseWidgetsExtension" */;
			buildPhases = (
				EA7F4EEF72C248EAA44948F4 /* Sources */,
			);
			buildRules = (
			);
			dependencies = (
			);
			name = LighthouseWidgetsExtension;
			packageProductDependencies = (
			);
			productName = LighthouseWidgetsExtension;
			productReference = 9C1D9562DD244AAC105C08F7 /* LighthouseWidgetsExtension.appex */;
			productType = "com.apple.product-type.app-extension";
		};
/* End PBXNativeTarget section */

/* Begin PBXProject section */
		8B5C0E2E0D888E924D23C07B /* Project object */ = {
			isa = PBXProject;
			attributes = {
				BuildIndependentTargetsInParallel = YES;
				LastUpgradeCheck = 1430;
				TargetAttributes = {
					76D82746EAC9DAE922BBDE76 = {
						DevelopmentTeam = 3N9RY9EG8V;
						ProvisioningStyle = Automatic;
					};
					9826E83BD1F44E41009D3A9A = {
						DevelopmentTeam = 3N9RY9EG8V;
						ProvisioningStyle = Automatic;
					};
				};
			};
			buildConfigurationList = C22E113E34B0200EA5976AF5 /* Build configuration list for PBXProject "Lighthouse" */;
			developmentRegion = en;
			hasScannedForEncodings = 0;
			knownRegions = (
				Base,
				en,
			);
			mainGroup = 03615AD537D634D149BB1A42;
			minimizedProjectReferenceProxies = 1;
			packageReferences = (
				01D3524A770CD901572827B2 /* XCRemoteSwiftPackageReference "purchases-ios" */,
			);
			preferredProjectObjectVersion = 77;
			productRefGroup = A2E6DFCA6CDD21559F92CA36 /* Products */;
			projectDirPath = "";
			projectRoot = "";
			targets = (
				76D82746EAC9DAE922BBDE76 /* Lighthouse */,
				9826E83BD1F44E41009D3A9A /* LighthouseWidgetsExtension */,
			);
		};
/* End PBXProject section */

/* Begin PBXResourcesBuildPhase section */
		E33D7BD44E8C42502CF6813F /* Resources */ = {
			isa = PBXResourcesBuildPhase;
			buildActionMask = 2147483647;
			files = (
				571C3A97429779D3113E53C3 /* Assets.xcassets in Resources */,
			);
			runOnlyForDeploymentPostprocessing = 0;
		};
/* End PBXResourcesBuildPhase section */

/* Begin PBXSourcesBuildPhase section */
		1D61E7402213B65469A1A6D7 /* Sources */ = {
			isa = PBXSourcesBuildPhase;
			buildActionMask = 2147483647;
			files = (
				F30B4CE9EE16FA0A98B1BB56 /* AnimatedRing.swift in Sources */,
				CFF9E1386D628DD1ACFB2890 /* AppSelectionView.swift in Sources */,
				FED126BE37868557EA217868 /* BadgeGridView.swift in Sources */,
				C909EA86FAC1141DABFEBA37 /* BrainResetOverlay.swift in Sources */,
				7780C492C316B955A7E09E9F /* ChallengeEngine.swift in Sources */,
				AA3BD07BC9CC94943385CFC0 /* ClearMindShareCard.swift in Sources */,
				6D78850223750D869CC99613 /* CommitmentView.swift in Sources */,
				7429F42720E363CC12FEB067 /* ContentView.swift in Sources */,
				5056D1EF4F997EF63B885239 /* DailyLog.swift in Sources */,
				91FC288D6F1ADC47EB824E2C /* DailyLoggerView.swift in Sources */,
				24FC9334EC17EF9E7F9E46CC /* DashboardView.swift in Sources */,
				A236DBA036FC9C7A1EEC5365 /* DashboardViewModel.swift in Sources */,
				1EDB565EA3B935C9F268920B /* Date+Extensions.swift in Sources */,
				9988C4539A175F863E060193 /* DetoxChallenge.swift in Sources */,
				F01C4764575974249E9D22DC /* FocusCelebrationOverlay.swift in Sources */,
				64DEBBF94B54152658E127B2 /* FocusPreset.swift in Sources */,
				F04203964B0AC995710BBB6A /* FocusPresetsView.swift in Sources */,
				F5CEEC814B1251937130ABB6 /* FocusSession.swift in Sources */,
				5634655700FD39C7ABB2CF1E /* GamificationEngine.swift in Sources */,
				8850D970A007DDFC2A5A7C7B /* GamificationModels.swift in Sources */,
				129CB7750FF7DDC19603C9BB /* GamificationView.swift in Sources */,
				E36EE56956FB0D6D97663029 /* GlowButton.swift in Sources */,
				BE488AAF2B55AFBA5EE53F71 /* HabitsQuizView.swift in Sources */,
				2FE39A3DC9432976F248F823 /* LevelProgressView.swift in Sources */,
				7242DE595D2B0A104CA80A2F /* LevelUpOverlay.swift in Sources */,
				AE14635DEFAAA0E3AC6155EA /* LighthouseApp.swift in Sources */,
				84D08B6C9682C8AD605E3400 /* LighthouseParticleBackground.swift in Sources */,
				1616E9E82FA19B478748F87E /* LoadingPlanView.swift in Sources */,
				6C332C398BFE3F7FF6AC8324 /* NameInputView.swift in Sources */,
				06979BCF919AFDE607314417 /* OnboardingBackground.swift in Sources */,
				94D23E08D5A951EB0713BD75 /* OnboardingContainerView.swift in Sources */,
				30A4436360F3661C2BB1F68C /* OnboardingViewModel.swift in Sources */,
				64C7582EEF2FBE32F9485F18 /* PDFExportService.swift in Sources */,
				18728A61690C41255A589669 /* PaywallView.swift in Sources */,
				12CA831507D3C2E4A13F235D /* ProgressChartsView.swift in Sources */,
				68DF33402D4514E5E9A40142 /* QuestCardView.swift in Sources */,
				836806D1E9FD5E15A41A4619 /* ScreenTimeLog.swift in Sources */,
				32F577C54860D03DEE651618 /* SettingsView.swift in Sources */,
				1E5A4F66E9C7C870104C09B5 /* SplashView.swift in Sources */,
				D9F3BA61924F266443C93610 /* StatCard.swift in Sources */,
				688A9906DF33C62AF9530EDA /* StreakCalendarView.swift in Sources */,
				465D40A416086343A58F774C /* StreakFlameView.swift in Sources */,
				3C11DBF4BDB9E8F3A3880129 /* SubscriptionService.swift in Sources */,
				2329FA0BA8091B97C055BF1D /* Theme.swift in Sources */,
				6C46D139093ACF7C9E8A20D4 /* UserProfile.swift in Sources */,
			);
			runOnlyForDeploymentPostprocessing = 0;
		};
		EA7F4EEF72C248EAA44948F4 /* Sources */ = {
			isa = PBXSourcesBuildPhase;
			buildActionMask = 2147483647;
			files = (
				6A9BB458A132929A6E4E0D1B /* LighthouseWidgetsBundle.swift in Sources */,
				F72CDE8EC5E16D3730C8431A /* StreakWidget.swift in Sources */,
				E150BDD72CB72705B2077CB4 /* TipWidget.swift in Sources */,
			);
			runOnlyForDeploymentPostprocessing = 0;
		};
/* End PBXSourcesBuildPhase section */

/* Begin PBXTargetDependency section */
		BEF2C814E371E14A26D9F4DD /* PBXTargetDependency */ = {
			isa = PBXTargetDependency;
			target = 9826E83BD1F44E41009D3A9A /* LighthouseWidgetsExtension */;
			targetProxy = 347E1F9CD88F1E11C37680D4 /* PBXContainerItemProxy */;
		};
/* End PBXTargetDependency section */

/* Begin XCBuildConfiguration section */
		4B378D2A81CF198AB4B0502A /* Release */ = {
			isa = XCBuildConfiguration;
			buildSettings = {
				ALWAYS_SEARCH_USER_PATHS = NO;
				CLANG_ANALYZER_NONNULL = YES;
				CLANG_ANALYZER_NUMBER_OBJECT_CONVERSION = YES_AGGRESSIVE;
				CLANG_CXX_LANGUAGE_STANDARD = "gnu++14";
				CLANG_CXX_LIBRARY = "libc++";
				CLANG_ENABLE_MODULES = YES;
				CLANG_ENABLE_OBJC_ARC = YES;
				CLANG_ENABLE_OBJC_WEAK = YES;
				CLANG_WARN_BLOCK_CAPTURE_AUTORELEASING = YES;
				CLANG_WARN_BOOL_CONVERSION = YES;
				CLANG_WARN_COMMA = YES;
				CLANG_WARN_CONSTANT_CONVERSION = YES;
				CLANG_WARN_DEPRECATED_OBJC_IMPLEMENTATIONS = YES;
				CLANG_WARN_DIRECT_OBJC_ISA_USAGE = YES_ERROR;
				CLANG_WARN_DOCUMENTATION_COMMENTS = YES;
				CLANG_WARN_EMPTY_BODY = YES;
				CLANG_WARN_ENUM_CONVERSION = YES;
				CLANG_WARN_INFINITE_RECURSION = YES;
				CLANG_WARN_INT_CONVERSION = YES;
				CLANG_WARN_NON_LITERAL_NULL_CONVERSION = YES;
				CLANG_WARN_OBJC_IMPLICIT_RETAIN_SELF = YES;
				CLANG_WARN_OBJC_LITERAL_CONVERSION = YES;
				CLANG_WARN_OBJC_ROOT_CLASS = YES_ERROR;
				CLANG_WARN_QUOTED_INCLUDE_IN_FRAMEWORK_HEADER = YES;
				CLANG_WARN_RANGE_LOOP_ANALYSIS = YES;
				CLANG_WARN_STRICT_PROTOTYPES = YES;
				CLANG_WARN_SUSPICIOUS_MOVE = YES;
				CLANG_WARN_UNGUARDED_AVAILABILITY = YES_AGGRESSIVE;
				CLANG_WARN_UNREACHABLE_CODE = YES;
				CLANG_WARN__DUPLICATE_METHOD_MATCH = YES;
				COPY_PHASE_STRIP = NO;
				CURRENT_PROJECT_VERSION = 1;
				DEBUG_INFORMATION_FORMAT = "dwarf-with-dsym";
				DEVELOPMENT_TEAM = 3N9RY9EG8V;
				ENABLE_NS_ASSERTIONS = NO;
				ENABLE_STRICT_OBJC_MSGSEND = YES;
				GCC_C_LANGUAGE_STANDARD = gnu11;
				GCC_NO_COMMON_BLOCKS = YES;
				GCC_WARN_64_TO_32_BIT_CONVERSION = YES;
				GCC_WARN_ABOUT_RETURN_TYPE = YES_ERROR;
				GCC_WARN_UNDECLARED_SELECTOR = YES;
				GCC_WARN_UNINITIALIZED_AUTOS = YES_AGGRESSIVE;
				GCC_WARN_UNUSED_FUNCTION = YES;
				GCC_WARN_UNUSED_VARIABLE = YES;
				IPHONEOS_DEPLOYMENT_TARGET = 17.0;
				MARKETING_VERSION = 1.0.0;
				MTL_ENABLE_DEBUG_INFO = NO;
				MTL_FAST_MATH = YES;
				PRODUCT_NAME = "$(TARGET_NAME)";
				SDKROOT = iphoneos;
				SWIFT_COMPILATION_MODE = wholemodule;
				SWIFT_OPTIMIZATION_LEVEL = "-O";
				SWIFT_VERSION = 5.9;
			};
			name = Release;
		};
		AAAE97520F2CBB549CBFC3B7 /* Release */ = {
			isa = XCBuildConfiguration;
			buildSettings = {
				ASSETCATALOG_COMPILER_APPICON_NAME = AppIcon;
				CODE_SIGN_IDENTITY = "iPhone Developer";
				CODE_SIGN_STYLE = Automatic;
				INFOPLIST_FILE = Lighthouse/Info.plist;
				LD_RUNPATH_SEARCH_PATHS = (
					"$(inherited)",
					"@executable_path/Frameworks",
				);
				PRODUCT_BUNDLE_IDENTIFIER = com.clawdbonzo.Lighthouse;
				SDKROOT = iphoneos;
				TARGETED_DEVICE_FAMILY = 1;
			};
			name = Release;
		};
		C6A645A240904DF7AFE2A080 /* Debug */ = {
			isa = XCBuildConfiguration;
			buildSettings = {
				CODE_SIGN_STYLE = Automatic;
				INFOPLIST_FILE = LighthouseWidgets/Info.plist;
				LD_RUNPATH_SEARCH_PATHS = (
					"$(inherited)",
					"@executable_path/Frameworks",
					"@executable_path/../../Frameworks",
				);
				PRODUCT_BUNDLE_IDENTIFIER = com.clawdbonzo.Lighthouse.LighthouseWidgets;
				SDKROOT = iphoneos;
				TARGETED_DEVICE_FAMILY = 1;
			};
			name = Debug;
		};
		CA5E818822F939ACA2D0B407 /* Debug */ = {
			isa = XCBuildConfiguration;
			buildSettings = {
				ASSETCATALOG_COMPILER_APPICON_NAME = AppIcon;
				CODE_SIGN_IDENTITY = "iPhone Developer";
				CODE_SIGN_STYLE = Automatic;
				INFOPLIST_FILE = Lighthouse/Info.plist;
				LD_RUNPATH_SEARCH_PATHS = (
					"$(inherited)",
					"@executable_path/Frameworks",
				);
				PRODUCT_BUNDLE_IDENTIFIER = com.clawdbonzo.Lighthouse;
				SDKROOT = iphoneos;
				TARGETED_DEVICE_FAMILY = 1;
			};
			name = Debug;
		};
		EDAE66E0F26ABECF39E10247 /* Release */ = {
			isa = XCBuildConfiguration;
			buildSettings = {
				CODE_SIGN_STYLE = Automatic;
				INFOPLIST_FILE = LighthouseWidgets/Info.plist;
				LD_RUNPATH_SEARCH_PATHS = (
					"$(inherited)",
					"@executable_path/Frameworks",
					"@executable_path/../../Frameworks",
				);
				PRODUCT_BUNDLE_IDENTIFIER = com.clawdbonzo.Lighthouse.LighthouseWidgets;
				SDKROOT = iphoneos;
				TARGETED_DEVICE_FAMILY = 1;
			};
			name = Release;
		};
		F4D6DFAC08607600949144B2 /* Debug */ = {
			isa = XCBuildConfiguration;
			buildSettings = {
				ALWAYS_SEARCH_USER_PATHS = NO;
				CLANG_ANALYZER_NONNULL = YES;
				CLANG_ANALYZER_NUMBER_OBJECT_CONVERSION = YES_AGGRESSIVE;
				CLANG_CXX_LANGUAGE_STANDARD = "gnu++14";
				CLANG_CXX_LIBRARY = "libc++";
				CLANG_ENABLE_MODULES = YES;
				CLANG_ENABLE_OBJC_ARC = YES;
				CLANG_ENABLE_OBJC_WEAK = YES;
				CLANG_WARN_BLOCK_CAPTURE_AUTORELEASING = YES;
				CLANG_WARN_BOOL_CONVERSION = YES;
				CLANG_WARN_COMMA = YES;
				CLANG_WARN_CONSTANT_CONVERSION = YES;
				CLANG_WARN_DEPRECATED_OBJC_IMPLEMENTATIONS = YES;
				CLANG_WARN_DIRECT_OBJC_ISA_USAGE = YES_ERROR;
				CLANG_WARN_DOCUMENTATION_COMMENTS = YES;
				CLANG_WARN_EMPTY_BODY = YES;
				CLANG_WARN_ENUM_CONVERSION = YES;
				CLANG_WARN_INFINITE_RECURSION = YES;
				CLANG_WARN_INT_CONVERSION = YES;
				CLANG_WARN_NON_LITERAL_NULL_CONVERSION = YES;
				CLANG_WARN_OBJC_IMPLICIT_RETAIN_SELF = YES;
				CLANG_WARN_OBJC_LITERAL_CONVERSION = YES;
				CLANG_WARN_OBJC_ROOT_CLASS = YES_ERROR;
				CLANG_WARN_QUOTED_INCLUDE_IN_FRAMEWORK_HEADER = YES;
				CLANG_WARN_RANGE_LOOP_ANALYSIS = YES;
				CLANG_WARN_STRICT_PROTOTYPES = YES;
				CLANG_WARN_SUSPICIOUS_MOVE = YES;
				CLANG_WARN_UNGUARDED_AVAILABILITY = YES_AGGRESSIVE;
				CLANG_WARN_UNREACHABLE_CODE = YES;
				CLANG_WARN__DUPLICATE_METHOD_MATCH = YES;
				COPY_PHASE_STRIP = NO;
				CURRENT_PROJECT_VERSION = 1;
				DEBUG_INFORMATION_FORMAT = dwarf;
				DEVELOPMENT_TEAM = 3N9RY9EG8V;
				ENABLE_STRICT_OBJC_MSGSEND = YES;
				ENABLE_TESTABILITY = YES;
				GCC_C_LANGUAGE_STANDARD = gnu11;
				GCC_DYNAMIC_NO_PIC = NO;
				GCC_NO_COMMON_BLOCKS = YES;
				GCC_OPTIMIZATION_LEVEL = 0;
				GCC_PREPROCESSOR_DEFINITIONS = (
					"$(inherited)",
					"DEBUG=1",
				);
				GCC_WARN_64_TO_32_BIT_CONVERSION = YES;
				GCC_WARN_ABOUT_RETURN_TYPE = YES_ERROR;
				GCC_WARN_UNDECLARED_SELECTOR = YES;
				GCC_WARN_UNINITIALIZED_AUTOS = YES_AGGRESSIVE;
				GCC_WARN_UNUSED_FUNCTION = YES;
				GCC_WARN_UNUSED_VARIABLE = YES;
				IPHONEOS_DEPLOYMENT_TARGET = 17.0;
				MARKETING_VERSION = 1.0.0;
				MTL_ENABLE_DEBUG_INFO = INCLUDE_SOURCE;
				MTL_FAST_MATH = YES;
				ONLY_ACTIVE_ARCH = YES;
				PRODUCT_NAME = "$(TARGET_NAME)";
				SDKROOT = iphoneos;
				SWIFT_ACTIVE_COMPILATION_CONDITIONS = DEBUG;
				SWIFT_OPTIMIZATION_LEVEL = "-Onone";
				SWIFT_VERSION = 5.9;
			};
			name = Debug;
		};
/* End XCBuildConfiguration section */

/* Begin XCConfigurationList section */
		303A39487983FCF2BDD38FAA /* Build configuration list for PBXNativeTarget "LighthouseWidgetsExtension" */ = {
			isa = XCConfigurationList;
			buildConfigurations = (
				C6A645A240904DF7AFE2A080 /* Debug */,
				EDAE66E0F26ABECF39E10247 /* Release */,
			);
			defaultConfigurationIsVisible = 0;
			defaultConfigurationName = Debug;
		};
		6B6FA42B57C12E8157B916AA /* Build configuration list for PBXNativeTarget "Lighthouse" */ = {
			isa = XCConfigurationList;
			buildConfigurations = (
				CA5E818822F939ACA2D0B407 /* Debug */,
				AAAE97520F2CBB549CBFC3B7 /* Release */,
			);
			defaultConfigurationIsVisible = 0;
			defaultConfigurationName = Debug;
		};
		C22E113E34B0200EA5976AF5 /* Build configuration list for PBXProject "Lighthouse" */ = {
			isa = XCConfigurationList;
			buildConfigurations = (
				F4D6DFAC08607600949144B2 /* Debug */,
				4B378D2A81CF198AB4B0502A /* Release */,
			);
			defaultConfigurationIsVisible = 0;
			defaultConfigurationName = Debug;
		};
/* End XCConfigurationList section */

/* Begin XCRemoteSwiftPackageReference section */
		01D3524A770CD901572827B2 /* XCRemoteSwiftPackageReference "purchases-ios" */ = {
			isa = XCRemoteSwiftPackageReference;
			repositoryURL = "https://github.com/RevenueCat/purchases-ios.git";
			requirement = {
				kind = upToNextMajorVersion;
				minimumVersion = 5.0.0;
			};
		};
/* End XCRemoteSwiftPackageReference section */

/* Begin XCSwiftPackageProductDependency section */
		FD9E8B1AEFFD6A9D1D30C192 /* RevenueCat */ = {
			isa = XCSwiftPackageProductDependency;
			package = 01D3524A770CD901572827B2 /* XCRemoteSwiftPackageReference "purchases-ios" */;
			productName = RevenueCat;
		};
/* End XCSwiftPackageProductDependency section */
	};
	rootObject = 8B5C0E2E0D888E924D23C07B /* Project object */;
}
